
Microsoft Visual Studio Solution File, Format Version 12.00
# Visual Studio Version 17
VisualStudioVersion = 17.3.32721.290
MinimumVisualStudioVersion = 10.0.40219.1
Project("{FAE04EC0-301F-11D3-BF4B-00C04F79EFBC}") = "MinimalTestPlugin", "MinimalTestPlugin\MinimalTestPlugin.csproj", "{AA0D85BB-5C00-4C55-B701-635947C7B37A}"
EndProject
Global
	GlobalSection(SolutionConfigurationPlatforms) = preSolution
		Debug|Any CPU = Debug|Any CPU
		Release|Any CPU = Release|Any CPU
	EndGlobalSection
	GlobalSection(ProjectConfigurationPlatforms) = postSolution
		{AA0D85BB-5C00-4C55-B701-635947C7B37A}.Debug|Any CPU.ActiveCfg = Debug|Any CPU
		{AA0D85BB-5C00-4C55-B701-635947C7B37A}.Debug|Any CPU.Build.0 = Debug|Any CPU
		{AA0D85BB-5C00-4C55-B701-635947C7B37A}.Release|Any CPU.ActiveCfg = Release|x64
		{AA0D85BB-5C00-4C55-B701-635947C7B37A}.Release|Any CPU.Build.0 = Release|x64
	EndGlobalSection
	GlobalSection(SolutionProperties) = preSolution
		HideSolutionNode = FALSE
	EndGlobalSection
	GlobalSection(ExtensibilityGlobals) = postSolution
		SolutionGuid = {06E2F121-D6A5-4F63-8358-6805A3FD1F35}
	EndGlobalSection
EndGlobal
